
Microsoft Visual Studio Solution File, Format Version 12.00
# Visual Studio Version 17
VisualStudioVersion = 17.13.35931.197
MinimumVisualStudioVersion = 10.0.40219.1
Project("{FAE04EC0-301F-11D3-BF4B-00C04F79EFBC}") = "Lista enlazada simple", "Lista enlazada simple\Lista enlazada simple.csproj", "{A95E099F-EF1F-48DE-97A6-0C02728504AA}"
EndProject
Project("{FAE04EC0-301F-11D3-BF4B-00C04F79EFBC}") = "Lista enlazada circular", "Lista enlazada circular\Lista enlazada circular.csproj", "{F409C625-9608-42B0-82FE-DAF8E2092890}"
EndProject
Project("{FAE04EC0-301F-11D3-BF4B-00C04F79EFBC}") = "Lista enlazada doble", "Lista enlazada doble\Lista enlazada doble.csproj", "{DD047C80-212A-4027-9236-A215565F12EE}"
EndProject
Project("{FAE04EC0-301F-11D3-BF4B-00C04F79EFBC}") = "Pilas-stack", "Pilas-stack\Pilas-stack.csproj", "{204C8EEF-D534-443A-AB63-53EDA146C522}"
EndProject
Project("{FAE04EC0-301F-11D3-BF4B-00C04F79EFBC}") = "CASO1-T1", "CASO1-T1\CASO1-T1.csproj", "{7CF2C0A9-A27A-4300-AB27-88D1608CA695}"
EndProject
Project("{FAE04EC0-301F-11D3-BF4B-00C04F79EFBC}") = "Colas", "Colas\Colas.csproj", "{2B4F874E-17D6-4A1D-A786-2E6F5E7A4254}"
EndProject
Project("{FAE04EC0-301F-11D3-BF4B-00C04F79EFBC}") = "Arbol binario", "Arbol binario\Arbol binario.csproj", "{481A2F33-32ED-403B-8615-A25A3D488F72}"
EndProject
Project("{FAE04EC0-301F-11D3-BF4B-00C04F79EFBC}") = "Arbol Binario Busqueda", "Arbol Binario Busqueda\Arbol Binario Busqueda.csproj", "{643C464A-1509-46CF-8DDB-FE83B1C0BFCE}"
EndProject
Project("{FAE04EC0-301F-11D3-BF4B-00C04F79EFBC}") = "ABB2", "ABB2\ABB2.csproj", "{74277739-F99B-47D8-8185-41140FDFE469}"
EndProject
Global
	GlobalSection(SolutionConfigurationPlatforms) = preSolution
		Debug|Any CPU = Debug|Any CPU
		Release|Any CPU = Release|Any CPU
	EndGlobalSection
	GlobalSection(ProjectConfigurationPlatforms) = postSolution
		{A95E099F-EF1F-48DE-97A6-0C02728504AA}.Debug|Any CPU.ActiveCfg = Debug|Any CPU
		{A95E099F-EF1F-48DE-97A6-0C02728504AA}.Debug|Any CPU.Build.0 = Debug|Any CPU
		{A95E099F-EF1F-48DE-97A6-0C02728504AA}.Release|Any CPU.ActiveCfg = Release|Any CPU
		{A95E099F-EF1F-48DE-97A6-0C02728504AA}.Release|Any CPU.Build.0 = Release|Any CPU
		{F409C625-9608-42B0-82FE-DAF8E2092890}.Debug|Any CPU.ActiveCfg = Debug|Any CPU
		{F409C625-9608-42B0-82FE-DAF8E2092890}.Debug|Any CPU.Build.0 = Debug|Any CPU
		{F409C625-9608-42B0-82FE-DAF8E2092890}.Release|Any CPU.ActiveCfg = Release|Any CPU
		{F409C625-9608-42B0-82FE-DAF8E2092890}.Release|Any CPU.Build.0 = Release|Any CPU
		{DD047C80-212A-4027-9236-A215565F12EE}.Debug|Any CPU.ActiveCfg = Debug|Any CPU
		{DD047C80-212A-4027-9236-A215565F12EE}.Debug|Any CPU.Build.0 = Debug|Any CPU
		{DD047C80-212A-4027-9236-A215565F12EE}.Release|Any CPU.ActiveCfg = Release|Any CPU
		{DD047C80-212A-4027-9236-A215565F12EE}.Release|Any CPU.Build.0 = Release|Any CPU
		{204C8EEF-D534-443A-AB63-53EDA146C522}.Debug|Any CPU.ActiveCfg = Debug|Any CPU
		{204C8EEF-D534-443A-AB63-53EDA146C522}.Debug|Any CPU.Build.0 = Debug|Any CPU
		{204C8EEF-D534-443A-AB63-53EDA146C522}.Release|Any CPU.ActiveCfg = Release|Any CPU
		{204C8EEF-D534-443A-AB63-53EDA146C522}.Release|Any CPU.Build.0 = Release|Any CPU
		{7CF2C0A9-A27A-4300-AB27-88D1608CA695}.Debug|Any CPU.ActiveCfg = Debug|Any CPU
		{7CF2C0A9-A27A-4300-AB27-88D1608CA695}.Debug|Any CPU.Build.0 = Debug|Any CPU
		{7CF2C0A9-A27A-4300-AB27-88D1608CA695}.Release|Any CPU.ActiveCfg = Release|Any CPU
		{7CF2C0A9-A27A-4300-AB27-88D1608CA695}.Release|Any CPU.Build.0 = Release|Any CPU
		{2B4F874E-17D6-4A1D-A786-2E6F5E7A4254}.Debug|Any CPU.ActiveCfg = Debug|Any CPU
		{2B4F874E-17D6-4A1D-A786-2E6F5E7A4254}.Debug|Any CPU.Build.0 = Debug|Any CPU
		{2B4F874E-17D6-4A1D-A786-2E6F5E7A4254}.Release|Any CPU.ActiveCfg = Release|Any CPU
		{2B4F874E-17D6-4A1D-A786-2E6F5E7A4254}.Release|Any CPU.Build.0 = Release|Any CPU
		{481A2F33-32ED-403B-8615-A25A3D488F72}.Debug|Any CPU.ActiveCfg = Debug|Any CPU
		{481A2F33-32ED-403B-8615-A25A3D488F72}.Debug|Any CPU.Build.0 = Debug|Any CPU
		{481A2F33-32ED-403B-8615-A25A3D488F72}.Release|Any CPU.ActiveCfg = Release|Any CPU
		{481A2F33-32ED-403B-8615-A25A3D488F72}.Release|Any CPU.Build.0 = Release|Any CPU
		{643C464A-1509-46CF-8DDB-FE83B1C0BFCE}.Debug|Any CPU.ActiveCfg = Debug|Any CPU
		{643C464A-1509-46CF-8DDB-FE83B1C0BFCE}.Debug|Any CPU.Build.0 = Debug|Any CPU
		{643C464A-1509-46CF-8DDB-FE83B1C0BFCE}.Release|Any CPU.ActiveCfg = Release|Any CPU
		{643C464A-1509-46CF-8DDB-FE83B1C0BFCE}.Release|Any CPU.Build.0 = Release|Any CPU
		{74277739-F99B-47D8-8185-41140FDFE469}.Debug|Any CPU.ActiveCfg = Debug|Any CPU
		{74277739-F99B-47D8-8185-41140FDFE469}.Debug|Any CPU.Build.0 = Debug|Any CPU
		{74277739-F99B-47D8-8185-41140FDFE469}.Release|Any CPU.ActiveCfg = Release|Any CPU
		{74277739-F99B-47D8-8185-41140FDFE469}.Release|Any CPU.Build.0 = Release|Any CPU
	EndGlobalSection
	GlobalSection(SolutionProperties) = preSolution
		HideSolutionNode = FALSE
	EndGlobalSection
	GlobalSection(ExtensibilityGlobals) = postSolution
		SolutionGuid = {2306D1D2-D4F7-4CD4-A632-AD425F625A87}
	EndGlobalSection
EndGlobal
